
Microsoft Visual Studio Solution File, Format Version 12.00
# Visual Studio Version 17
VisualStudioVersion = 17.3.32811.315
MinimumVisualStudioVersion = 10.0.40219.1
Project("{FAE04EC0-301F-11D3-BF4B-00C04F79EFBC}") = "Presentacion", "Presentacion\Presentacion.csproj", "{C643A78D-40F2-4646-B0E2-543DD995B1CE}"
EndProject
Global
	GlobalSection(SolutionConfigurationPlatforms) = preSolution
		Debug|Any CPU = Debug|Any CPU
		Release|Any CPU = Release|Any CPU
	EndGlobalSection
	GlobalSection(ProjectConfigurationPlatforms) = postSolution
		{C643A78D-40F2-4646-B0E2-543DD995B1CE}.Debug|Any CPU.ActiveCfg = Debug|Any CPU
		{C643A78D-40F2-4646-B0E2-543DD995B1CE}.Debug|Any CPU.Build.0 = Debug|Any CPU
		{C643A78D-40F2-4646-B0E2-543DD995B1CE}.Release|Any CPU.ActiveCfg = Release|Any CPU
		{C643A78D-40F2-4646-B0E2-543DD995B1CE}.Release|Any CPU.Build.0 = Release|Any CPU
	EndGlobalSection
	GlobalSection(SolutionProperties) = preSolution
		HideSolutionNode = FALSE
	EndGlobalSection
	GlobalSection(ExtensibilityGlobals) = postSolution
		SolutionGuid = {5E11D2BB-094B-457C-B73C-3FF20839F465}
	EndGlobalSection
EndGlobal
